{
  "version": 4,
  "terraform_version": "1.12.0",
  "serial": 256,
  "lineage": "2fd5239a-c245-9aee-a6cd-47b78fa6e195",
  "outputs": {},
  "resources": [
    {
      "mode": "managed",
      "type": "aws_ecr_repository",
      "name": "app_tier_repo",
      "provider": "provider[\"registry.terraform.io/hashicorp/aws\"]",
      "instances": [
        {
          "schema_version": 0,
          "attributes": {
            "arn": "arn:aws:ecr:us-east-1:641017921986:repository/three-tier-app-tier",
            "encryption_configuration": [
              {
                "encryption_type": "AES256",
                "kms_key": ""
              }
            ],
            "force_delete": null,
            "id": "three-tier-app-tier",
            "image_scanning_configuration": [
              {
                "scan_on_push": true
              }
            ],
            "image_tag_mutability": "MUTABLE",
            "name": "three-tier-app-tier",
            "registry_id": "641017921986",
            "repository_url": "641017921986.dkr.ecr.us-east-1.amazonaws.com/three-tier-app-tier",
            "tags": {
              "Name": "three-tier-app-tier-ecr"
            },
            "tags_all": {
              "Name": "three-tier-app-tier-ecr"
            },
            "timeouts": null
          },
          "sensitive_attributes": [],
          "identity_schema_version": 0,
          "private": "eyJlMmJmYjczMC1lY2FhLTExZTYtOGY4OC0zNDM2M2JjN2M0YzAiOnsiZGVsZXRlIjoxMjAwMDAwMDAwMDAwfX0="
        }
      ]
    },
    {
      "mode": "managed",
      "type": "aws_ecr_repository",
      "name": "web_tier_repo",
      "provider": "provider[\"registry.terraform.io/hashicorp/aws\"]",
      "instances": [
        {
          "schema_version": 0,
          "attributes": {
            "arn": "arn:aws:ecr:us-east-1:641017921986:repository/three-tier-web-tier",
            "encryption_configuration": [
              {
                "encryption_type": "AES256",
                "kms_key": ""
              }
            ],
            "force_delete": null,
            "id": "three-tier-web-tier",
            "image_scanning_configuration": [
              {
                "scan_on_push": true
              }
            ],
            "image_tag_mutability": "MUTABLE",
            "name": "three-tier-web-tier",
            "registry_id": "641017921986",
            "repository_url": "641017921986.dkr.ecr.us-east-1.amazonaws.com/three-tier-web-tier",
            "tags": {
              "Name": "three-tier-web-tier-ecr"
            },
            "tags_all": {
              "Name": "three-tier-web-tier-ecr"
            },
            "timeouts": null
          },
          "sensitive_attributes": [],
          "identity_schema_version": 0,
          "private": "eyJlMmJmYjczMC1lY2FhLTExZTYtOGY4OC0zNDM2M2JjN2M0YzAiOnsiZGVsZXRlIjoxMjAwMDAwMDAwMDAwfX0="
        }
      ]
    }
  ],
  "check_results": null
}
